<?xml version="1.0" encoding="utf-8"?>
<Project ToolsVersion="4.0" xmlns="http://schemas.microsoft.com/developer/msbuild/2003">
  <ItemGroup>
    <Filter Include="GPU">
      <UniqueIdentifier>{9a5dc419-1816-4414-bea5-408d2950e00c}</UniqueIdentifier>
    </Filter>
    <Filter Include="PUBHUNT">
      <UniqueIdentifier>{751928a7-b154-49cf-ac07-5f9bf260e674}</UniqueIdentifier>
    </Filter>
    <Filter Include="INT">
      <UniqueIdentifier>{d2e07884-b0ff-4d54-9109-3f0257376cf0}</UniqueIdentifier>
    </Filter>
  </ItemGroup>
  <ItemGroup>
    <ClCompile Include="Int.cpp">
      <Filter>INT</Filter>
    </ClCompile>
    <ClCompile Include="IntGroup.cpp">
      <Filter>INT</Filter>
    </ClCompile>
    <ClCompile Include="IntMod.cpp">
      <Filter>INT</Filter>
    </ClCompile>
    <ClCompile Include="PubHunt.cpp">
      <Filter>PUBHUNT</Filter>
    </ClCompile>
    <ClCompile Include="Random.cpp">
      <Filter>PUBHUNT</Filter>
    </ClCompile>
    <ClCompile Include="Timer.cpp">
      <Filter>PUBHUNT</Filter>
    </ClCompile>
    <ClCompile Include="Main.cpp" />
    <ClCompile Include="Utils.cpp">
      <Filter>PUBHUNT</Filter>
    </ClCompile>
  </ItemGroup>
  <ItemGroup>
    <ClInclude Include="Int.h">
      <Filter>INT</Filter>
    </ClInclude>
    <ClInclude Include="IntGroup.h">
      <Filter>INT</Filter>
    </ClInclude>
    <ClInclude Include="PubHunt.h">
      <Filter>PUBHUNT</Filter>
    </ClInclude>
    <ClInclude Include="Random.h">
      <Filter>PUBHUNT</Filter>
    </ClInclude>
    <ClInclude Include="Timer.h">
      <Filter>PUBHUNT</Filter>
    </ClInclude>
    <ClInclude Include="Utils.h">
      <Filter>PUBHUNT</Filter>
    </ClInclude>
    <ClInclude Include="GPU\GPUCompute.h">
      <Filter>GPU</Filter>
    </ClInclude>
    <ClInclude Include="GPU\GPUEngine.h">
      <Filter>GPU</Filter>
    </ClInclude>
    <ClInclude Include="GPU\GPUHash.h">
      <Filter>GPU</Filter>
    </ClInclude>
    <ClInclude Include="GPU\GPUMath.h">
      <Filter>GPU</Filter>
    </ClInclude>
  </ItemGroup>
  <ItemGroup>
    <CudaCompile Include="GPU\GPUEngine.cu">
      <Filter>GPU</Filter>
    </CudaCompile>
  </ItemGroup>
</Project>